
Microsoft Visual Studio Solution File, Format Version 12.00
# Visual Studio 2013
VisualStudioVersion = 12.0.31101.0
MinimumVisualStudioVersion = 10.0.40219.1
Project("{FAE04EC0-301F-11D3-BF4B-00C04F79EFBC}") = "Respondent.API", "Respondent.API\Respondent.API.csproj", "{54B0CD46-7261-4BAB-8976-C978A944587E}"
EndProject
Project("{FAE04EC0-301F-11D3-BF4B-00C04F79EFBC}") = "Respondent.API.Tests", "Respondent.API.Tests\Respondent.API.Tests.csproj", "{3F47D9D6-0797-486E-9C85-3C16C9D18065}"
EndProject
Project("{E24C65DC-7377-472B-9ABA-BC803B73C61A}") = "Respondent.Web(2)", "http://localhost:60156", "{760B2E86-5237-456B-8F3D-09C1C79FEC73}"
	ProjectSection(WebsiteProperties) = preProject
		UseIISExpress = "true"
		TargetFrameworkMoniker = ".NETFramework,Version%3Dv4.5"
		Debug.AspNetCompiler.VirtualPath = "/localhost_60156"
		Debug.AspNetCompiler.PhysicalPath = "Respondent.Web\"
		Debug.AspNetCompiler.TargetPath = "PrecompiledWeb\localhost_60156\"
		Debug.AspNetCompiler.Updateable = "true"
		Debug.AspNetCompiler.ForceOverwrite = "true"
		Debug.AspNetCompiler.FixedNames = "false"
		Debug.AspNetCompiler.Debug = "True"
		Release.AspNetCompiler.VirtualPath = "/localhost_60156"
		Release.AspNetCompiler.PhysicalPath = "Respondent.Web\"
		Release.AspNetCompiler.TargetPath = "PrecompiledWeb\localhost_60156\"
		Release.AspNetCompiler.Updateable = "true"
		Release.AspNetCompiler.ForceOverwrite = "true"
		Release.AspNetCompiler.FixedNames = "false"
		Release.AspNetCompiler.Debug = "False"
		SlnRelativePath = "Respondent.Web\"
		DefaultWebSiteLanguage = "Visual C#"
	EndProjectSection
EndProject
Project("{FAE04EC0-301F-11D3-BF4B-00C04F79EFBC}") = "Respondent.Respository", "Respondent.Respository\Respondent.Respository.csproj", "{E305F501-DA82-4448-B0A1-FFDF56741FC4}"
EndProject
Global
	GlobalSection(SolutionConfigurationPlatforms) = preSolution
		Debug|Any CPU = Debug|Any CPU
		Release|Any CPU = Release|Any CPU
	EndGlobalSection
	GlobalSection(ProjectConfigurationPlatforms) = postSolution
		{54B0CD46-7261-4BAB-8976-C978A944587E}.Debug|Any CPU.ActiveCfg = Debug|Any CPU
		{54B0CD46-7261-4BAB-8976-C978A944587E}.Debug|Any CPU.Build.0 = Debug|Any CPU
		{54B0CD46-7261-4BAB-8976-C978A944587E}.Release|Any CPU.ActiveCfg = Release|Any CPU
		{54B0CD46-7261-4BAB-8976-C978A944587E}.Release|Any CPU.Build.0 = Release|Any CPU
		{3F47D9D6-0797-486E-9C85-3C16C9D18065}.Debug|Any CPU.ActiveCfg = Debug|Any CPU
		{3F47D9D6-0797-486E-9C85-3C16C9D18065}.Debug|Any CPU.Build.0 = Debug|Any CPU
		{3F47D9D6-0797-486E-9C85-3C16C9D18065}.Release|Any CPU.ActiveCfg = Release|Any CPU
		{3F47D9D6-0797-486E-9C85-3C16C9D18065}.Release|Any CPU.Build.0 = Release|Any CPU
		{760B2E86-5237-456B-8F3D-09C1C79FEC73}.Debug|Any CPU.ActiveCfg = Debug|Any CPU
		{760B2E86-5237-456B-8F3D-09C1C79FEC73}.Debug|Any CPU.Build.0 = Debug|Any CPU
		{760B2E86-5237-456B-8F3D-09C1C79FEC73}.Release|Any CPU.ActiveCfg = Debug|Any CPU
		{760B2E86-5237-456B-8F3D-09C1C79FEC73}.Release|Any CPU.Build.0 = Debug|Any CPU
		{E305F501-DA82-4448-B0A1-FFDF56741FC4}.Debug|Any CPU.ActiveCfg = Debug|Any CPU
		{E305F501-DA82-4448-B0A1-FFDF56741FC4}.Debug|Any CPU.Build.0 = Debug|Any CPU
		{E305F501-DA82-4448-B0A1-FFDF56741FC4}.Release|Any CPU.ActiveCfg = Release|Any CPU
		{E305F501-DA82-4448-B0A1-FFDF56741FC4}.Release|Any CPU.Build.0 = Release|Any CPU
	EndGlobalSection
	GlobalSection(SolutionProperties) = preSolution
		HideSolutionNode = FALSE
	EndGlobalSection
EndGlobal
